
Microsoft Visual Studio Solution File, Format Version 12.00
# Visual Studio Version 16
VisualStudioVersion = 16.0.33927.289
MinimumVisualStudioVersion = 10.0.40219.1
Project("{2150E333-8FDC-42A3-9474-1A3956D46DE8}") = "Task0", "Task0", "{6164E80D-D923-4061-A05F-50E9A15C2C3D}"
EndProject
Project("{FAE04EC0-301F-11D3-BF4B-00C04F79EFBC}") = "Tyuiu.RagimovaMA.Sprint5.Task0.V21", "Tyuiu.RagimovaMA.Sprint5.Task0.V21\Tyuiu.RagimovaMA.Sprint5.Task0.V21.csproj", "{0213CF2C-32D7-4C6E-A59A-235F329292B5}"
EndProject
Project("{FAE04EC0-301F-11D3-BF4B-00C04F79EFBC}") = "Tyuiu.RagimovaMA.Sprint5.Task0.V21.Lib", "Tyuiu.RagimovaMA.Sprint5.Task0.V21.Lib\Tyuiu.RagimovaMA.Sprint5.Task0.V21.Lib.csproj", "{101C3766-0E23-40E7-AB82-667686A5F18E}"
EndProject
Project("{FAE04EC0-301F-11D3-BF4B-00C04F79EFBC}") = "Tyuiu.RagimovaMA.Sprint5.Task0.V21.Test", "Tyuiu.RagimovaMA.Sprint5.Task0.V21.Test\Tyuiu.RagimovaMA.Sprint5.Task0.V21.Test.csproj", "{D03E8C3D-D120-4865-A83B-C5A4F0642EB6}"
EndProject
Project("{2150E333-8FDC-42A3-9474-1A3956D46DE8}") = "Task1", "Task1", "{C39C999A-31F2-4F03-829F-52510217F8F4}"
EndProject
Project("{FAE04EC0-301F-11D3-BF4B-00C04F79EFBC}") = "Tyuiu.RagimovaMA.Sprint5.Task1.V17", "Tyuiu.RagimovaMA.Sprint5.Task1.V17\Tyuiu.RagimovaMA.Sprint5.Task1.V17.csproj", "{995BA2AC-8905-4762-AD0B-9A9296E433FD}"
EndProject
Project("{FAE04EC0-301F-11D3-BF4B-00C04F79EFBC}") = "Tyuiu.RagimovaMA.Sprint5.Task1.V17.Lib", "Tyuiu.RagimovaMA.Sprint5.Task1.V17.Lib\Tyuiu.RagimovaMA.Sprint5.Task1.V17.Lib.csproj", "{92C31E93-EA13-43C5-BB2A-B04F2D45F512}"
EndProject
Project("{FAE04EC0-301F-11D3-BF4B-00C04F79EFBC}") = "Tyuiu.RagimovaMA.Sprint5.Task1.V17.Test", "Tyuiu.RagimovaMA.Sprint5.Task1.V17.Test\Tyuiu.RagimovaMA.Sprint5.Task1.V17.Test.csproj", "{81A45CE2-C211-47DC-B558-5F8E9612021E}"
EndProject
Project("{2150E333-8FDC-42A3-9474-1A3956D46DE8}") = "Task2", "Task2", "{E4F414C3-8FD4-4A53-88CC-DF94E4EA3ECC}"
EndProject
Project("{FAE04EC0-301F-11D3-BF4B-00C04F79EFBC}") = "Tyuiu.RagimovaMA.Sprint5.Task2.V13", "Tyuiu.RagimovaMA.Sprint5.Task2.V13\Tyuiu.RagimovaMA.Sprint5.Task2.V13.csproj", "{0EFF80C6-5182-4DF5-A67F-2233E7023888}"
EndProject
Project("{FAE04EC0-301F-11D3-BF4B-00C04F79EFBC}") = "Tyuiu.RagimovaMA.Sprint5.Task2.V13.Lib", "Tyuiu.RagimovaMA.Sprint5.Task2.V13.Lib\Tyuiu.RagimovaMA.Sprint5.Task2.V13.Lib.csproj", "{7F881ACD-3390-4608-AA13-8DE10C9F572D}"
EndProject
Project("{FAE04EC0-301F-11D3-BF4B-00C04F79EFBC}") = "Tyuiu.RagimovaMA.Sprint5.Task2.V13.Test", "Tyuiu.RagimovaMA.Sprint5.Task2.V13.Test\Tyuiu.RagimovaMA.Sprint5.Task2.V13.Test.csproj", "{95A0D324-AFA2-447E-A49D-E73E5099A44F}"
EndProject
Project("{2150E333-8FDC-42A3-9474-1A3956D46DE8}") = "Task3", "Task3", "{37BBE100-C824-4821-AEA8-698CADD6636A}"
EndProject
Project("{FAE04EC0-301F-11D3-BF4B-00C04F79EFBC}") = "Tyuiu.RagimovaMA.Sprint5.Task3.V9", "Tyuiu.RagimovaMA.Sprint5.Task3.V9\Tyuiu.RagimovaMA.Sprint5.Task3.V9.csproj", "{E30B9A54-E4B2-4340-A168-031B492006F3}"
EndProject
Project("{FAE04EC0-301F-11D3-BF4B-00C04F79EFBC}") = "Tyuiu.RagimovaMA.Sprint5.Task3.V9.Lib", "Tyuiu.RagimovaMA.Sprint5.Task3.V9.Lib\Tyuiu.RagimovaMA.Sprint5.Task3.V9.Lib.csproj", "{8E9ED71E-77CC-436D-9012-F360AAA1A68A}"
EndProject
Project("{FAE04EC0-301F-11D3-BF4B-00C04F79EFBC}") = "Tyuiu.RagimovaMA.Sprint5.Task3.V9.Test", "Tyuiu.RagimovaMA.Sprint5.Task3.V9.Test\Tyuiu.RagimovaMA.Sprint5.Task3.V9.Test.csproj", "{00A83A63-74A3-4A45-B0E3-684E50577FC3}"
EndProject
Project("{2150E333-8FDC-42A3-9474-1A3956D46DE8}") = "Task4", "Task4", "{772029B7-5A61-4A63-B21B-18995E12CF05}"
EndProject
Project("{FAE04EC0-301F-11D3-BF4B-00C04F79EFBC}") = "Tyuiu.RagimovaMA.Sprint5.Task4.V3", "Tyuiu.RagimovaMA.Sprint5.Task4.V3\Tyuiu.RagimovaMA.Sprint5.Task4.V3.csproj", "{3E96683B-E09E-4541-896C-AA607D06A796}"
EndProject
Project("{FAE04EC0-301F-11D3-BF4B-00C04F79EFBC}") = "Tyuiu.RagimovaMA.Sprint5.Task4.V3.Lib", "Tyuiu.RagimovaMA.Sprint5.Task4.V3.Lib\Tyuiu.RagimovaMA.Sprint5.Task4.V3.Lib.csproj", "{F8405C37-F282-4445-B16E-BE48DC98ED44}"
EndProject
Project("{FAE04EC0-301F-11D3-BF4B-00C04F79EFBC}") = "Tyuiu.RagimovaMA.Sprint5.Task4.V3.Test", "Tyuiu.RagimovaMA.Sprint5.Task4.V3.Test\Tyuiu.RagimovaMA.Sprint5.Task4.V3.Test.csproj", "{2171DFA0-A714-430E-A006-FCC7F6D112FC}"
EndProject
Project("{2150E333-8FDC-42A3-9474-1A3956D46DE8}") = "Task5", "Task5", "{865FBE94-8035-46CD-B3A6-296067F2D1A3}"
EndProject
Project("{FAE04EC0-301F-11D3-BF4B-00C04F79EFBC}") = "Tyuiu.RagimovaMA.Sprint5.Task5.V24", "Tyuiu.RagimovaMA.Sprint5.Task5.V24\Tyuiu.RagimovaMA.Sprint5.Task5.V24.csproj", "{879D4DC3-F234-4C1E-B965-ACD313AA6AAC}"
EndProject
Project("{FAE04EC0-301F-11D3-BF4B-00C04F79EFBC}") = "Tyuiu.RagimovaMA.Sprint5.Task5.V24.Lib", "Tyuiu.RagimovaMA.Sprint5.Task5.V24.Lib\Tyuiu.RagimovaMA.Sprint5.Task5.V24.Lib.csproj", "{44653BF8-CB4C-4628-B4F0-BA026FE564B9}"
EndProject
Project("{FAE04EC0-301F-11D3-BF4B-00C04F79EFBC}") = "Tyuiu.RagimovaMA.Sprint5.Task5.V24.Test", "Tyuiu.RagimovaMA.Sprint5.Task5.V24.Test\Tyuiu.RagimovaMA.Sprint5.Task5.V24.Test.csproj", "{94A2A02D-DA56-4923-B339-C0BA2EF6F113}"
EndProject
Global
	GlobalSection(SolutionConfigurationPlatforms) = preSolution
		Debug|Any CPU = Debug|Any CPU
		Release|Any CPU = Release|Any CPU
	EndGlobalSection
	GlobalSection(ProjectConfigurationPlatforms) = postSolution
		{0213CF2C-32D7-4C6E-A59A-235F329292B5}.Debug|Any CPU.ActiveCfg = Debug|Any CPU
		{0213CF2C-32D7-4C6E-A59A-235F329292B5}.Debug|Any CPU.Build.0 = Debug|Any CPU
		{0213CF2C-32D7-4C6E-A59A-235F329292B5}.Release|Any CPU.ActiveCfg = Release|Any CPU
		{0213CF2C-32D7-4C6E-A59A-235F329292B5}.Release|Any CPU.Build.0 = Release|Any CPU
		{101C3766-0E23-40E7-AB82-667686A5F18E}.Debug|Any CPU.ActiveCfg = Debug|Any CPU
		{101C3766-0E23-40E7-AB82-667686A5F18E}.Debug|Any CPU.Build.0 = Debug|Any CPU
		{101C3766-0E23-40E7-AB82-667686A5F18E}.Release|Any CPU.ActiveCfg = Release|Any CPU
		{101C3766-0E23-40E7-AB82-667686A5F18E}.Release|Any CPU.Build.0 = Release|Any CPU
		{D03E8C3D-D120-4865-A83B-C5A4F0642EB6}.Debug|Any CPU.ActiveCfg = Debug|Any CPU
		{D03E8C3D-D120-4865-A83B-C5A4F0642EB6}.Debug|Any CPU.Build.0 = Debug|Any CPU
		{D03E8C3D-D120-4865-A83B-C5A4F0642EB6}.Release|Any CPU.ActiveCfg = Release|Any CPU
		{D03E8C3D-D120-4865-A83B-C5A4F0642EB6}.Release|Any CPU.Build.0 = Release|Any CPU
		{995BA2AC-8905-4762-AD0B-9A9296E433FD}.Debug|Any CPU.ActiveCfg = Debug|Any CPU
		{995BA2AC-8905-4762-AD0B-9A9296E433FD}.Debug|Any CPU.Build.0 = Debug|Any CPU
		{995BA2AC-8905-4762-AD0B-9A9296E433FD}.Release|Any CPU.ActiveCfg = Release|Any CPU
		{995BA2AC-8905-4762-AD0B-9A9296E433FD}.Release|Any CPU.Build.0 = Release|Any CPU
		{92C31E93-EA13-43C5-BB2A-B04F2D45F512}.Debug|Any CPU.ActiveCfg = Debug|Any CPU
		{92C31E93-EA13-43C5-BB2A-B04F2D45F512}.Debug|Any CPU.Build.0 = Debug|Any CPU
		{92C31E93-EA13-43C5-BB2A-B04F2D45F512}.Release|Any CPU.ActiveCfg = Release|Any CPU
		{92C31E93-EA13-43C5-BB2A-B04F2D45F512}.Release|Any CPU.Build.0 = Release|Any CPU
		{81A45CE2-C211-47DC-B558-5F8E9612021E}.Debug|Any CPU.ActiveCfg = Debug|Any CPU
		{81A45CE2-C211-47DC-B558-5F8E9612021E}.Debug|Any CPU.Build.0 = Debug|Any CPU
		{81A45CE2-C211-47DC-B558-5F8E9612021E}.Release|Any CPU.ActiveCfg = Release|Any CPU
		{81A45CE2-C211-47DC-B558-5F8E9612021E}.Release|Any CPU.Build.0 = Release|Any CPU
		{0EFF80C6-5182-4DF5-A67F-2233E7023888}.Debug|Any CPU.ActiveCfg = Debug|Any CPU
		{0EFF80C6-5182-4DF5-A67F-2233E7023888}.Debug|Any CPU.Build.0 = Debug|Any CPU
		{0EFF80C6-5182-4DF5-A67F-2233E7023888}.Release|Any CPU.ActiveCfg = Release|Any CPU
		{0EFF80C6-5182-4DF5-A67F-2233E7023888}.Release|Any CPU.Build.0 = Release|Any CPU
		{7F881ACD-3390-4608-AA13-8DE10C9F572D}.Debug|Any CPU.ActiveCfg = Debug|Any CPU
		{7F881ACD-3390-4608-AA13-8DE10C9F572D}.Debug|Any CPU.Build.0 = Debug|Any CPU
		{7F881ACD-3390-4608-AA13-8DE10C9F572D}.Release|Any CPU.ActiveCfg = Release|Any CPU
		{7F881ACD-3390-4608-AA13-8DE10C9F572D}.Release|Any CPU.Build.0 = Release|Any CPU
		{95A0D324-AFA2-447E-A49D-E73E5099A44F}.Debug|Any CPU.ActiveCfg = Debug|Any CPU
		{95A0D324-AFA2-447E-A49D-E73E5099A44F}.Debug|Any CPU.Build.0 = Debug|Any CPU
		{95A0D324-AFA2-447E-A49D-E73E5099A44F}.Release|Any CPU.ActiveCfg = Release|Any CPU
		{95A0D324-AFA2-447E-A49D-E73E5099A44F}.Release|Any CPU.Build.0 = Release|Any CPU
		{E30B9A54-E4B2-4340-A168-031B492006F3}.Debug|Any CPU.ActiveCfg = Debug|Any CPU
		{E30B9A54-E4B2-4340-A168-031B492006F3}.Debug|Any CPU.Build.0 = Debug|Any CPU
		{E30B9A54-E4B2-4340-A168-031B492006F3}.Release|Any CPU.ActiveCfg = Release|Any CPU
		{E30B9A54-E4B2-4340-A168-031B492006F3}.Release|Any CPU.Build.0 = Release|Any CPU
		{8E9ED71E-77CC-436D-9012-F360AAA1A68A}.Debug|Any CPU.ActiveCfg = Debug|Any CPU
		{8E9ED71E-77CC-436D-9012-F360AAA1A68A}.Debug|Any CPU.Build.0 = Debug|Any CPU
		{8E9ED71E-77CC-436D-9012-F360AAA1A68A}.Release|Any CPU.ActiveCfg = Release|Any CPU
		{8E9ED71E-77CC-436D-9012-F360AAA1A68A}.Release|Any CPU.Build.0 = Release|Any CPU
		{00A83A63-74A3-4A45-B0E3-684E50577FC3}.Debug|Any CPU.ActiveCfg = Debug|Any CPU
		{00A83A63-74A3-4A45-B0E3-684E50577FC3}.Debug|Any CPU.Build.0 = Debug|Any CPU
		{00A83A63-74A3-4A45-B0E3-684E50577FC3}.Release|Any CPU.ActiveCfg = Release|Any CPU
		{00A83A63-74A3-4A45-B0E3-684E50577FC3}.Release|Any CPU.Build.0 = Release|Any CPU
		{3E96683B-E09E-4541-896C-AA607D06A796}.Debug|Any CPU.ActiveCfg = Debug|Any CPU
		{3E96683B-E09E-4541-896C-AA607D06A796}.Debug|Any CPU.Build.0 = Debug|Any CPU
		{3E96683B-E09E-4541-896C-AA607D06A796}.Release|Any CPU.ActiveCfg = Release|Any CPU
		{3E96683B-E09E-4541-896C-AA607D06A796}.Release|Any CPU.Build.0 = Release|Any CPU
		{F8405C37-F282-4445-B16E-BE48DC98ED44}.Debug|Any CPU.ActiveCfg = Debug|Any CPU
		{F8405C37-F282-4445-B16E-BE48DC98ED44}.Debug|Any CPU.Build.0 = Debug|Any CPU
		{F8405C37-F282-4445-B16E-BE48DC98ED44}.Release|Any CPU.ActiveCfg = Release|Any CPU
		{F8405C37-F282-4445-B16E-BE48DC98ED44}.Release|Any CPU.Build.0 = Release|Any CPU
		{2171DFA0-A714-430E-A006-FCC7F6D112FC}.Debug|Any CPU.ActiveCfg = Debug|Any CPU
		{2171DFA0-A714-430E-A006-FCC7F6D112FC}.Debug|Any CPU.Build.0 = Debug|Any CPU
		{2171DFA0-A714-430E-A006-FCC7F6D112FC}.Release|Any CPU.ActiveCfg = Release|Any CPU
		{2171DFA0-A714-430E-A006-FCC7F6D112FC}.Release|Any CPU.Build.0 = Release|Any CPU
		{879D4DC3-F234-4C1E-B965-ACD313AA6AAC}.Debug|Any CPU.ActiveCfg = Debug|Any CPU
		{879D4DC3-F234-4C1E-B965-ACD313AA6AAC}.Debug|Any CPU.Build.0 = Debug|Any CPU
		{879D4DC3-F234-4C1E-B965-ACD313AA6AAC}.Release|Any CPU.ActiveCfg = Release|Any CPU
		{879D4DC3-F234-4C1E-B965-ACD313AA6AAC}.Release|Any CPU.Build.0 = Release|Any CPU
		{44653BF8-CB4C-4628-B4F0-BA026FE564B9}.Debug|Any CPU.ActiveCfg = Debug|Any CPU
		{44653BF8-CB4C-4628-B4F0-BA026FE564B9}.Debug|Any CPU.Build.0 = Debug|Any CPU
		{44653BF8-CB4C-4628-B4F0-BA026FE564B9}.Release|Any CPU.ActiveCfg = Release|Any CPU
		{44653BF8-CB4C-4628-B4F0-BA026FE564B9}.Release|Any CPU.Build.0 = Release|Any CPU
		{94A2A02D-DA56-4923-B339-C0BA2EF6F113}.Debug|Any CPU.ActiveCfg = Debug|Any CPU
		{94A2A02D-DA56-4923-B339-C0BA2EF6F113}.Debug|Any CPU.Build.0 = Debug|Any CPU
		{94A2A02D-DA56-4923-B339-C0BA2EF6F113}.Release|Any CPU.ActiveCfg = Release|Any CPU
		{94A2A02D-DA56-4923-B339-C0BA2EF6F113}.Release|Any CPU.Build.0 = Release|Any CPU
	EndGlobalSection
	GlobalSection(SolutionProperties) = preSolution
		HideSolutionNode = FALSE
	EndGlobalSection
	GlobalSection(NestedProjects) = preSolution
		{0213CF2C-32D7-4C6E-A59A-235F329292B5} = {6164E80D-D923-4061-A05F-50E9A15C2C3D}
		{101C3766-0E23-40E7-AB82-667686A5F18E} = {6164E80D-D923-4061-A05F-50E9A15C2C3D}
		{D03E8C3D-D120-4865-A83B-C5A4F0642EB6} = {6164E80D-D923-4061-A05F-50E9A15C2C3D}
		{995BA2AC-8905-4762-AD0B-9A9296E433FD} = {C39C999A-31F2-4F03-829F-52510217F8F4}
		{92C31E93-EA13-43C5-BB2A-B04F2D45F512} = {C39C999A-31F2-4F03-829F-52510217F8F4}
		{81A45CE2-C211-47DC-B558-5F8E9612021E} = {C39C999A-31F2-4F03-829F-52510217F8F4}
		{0EFF80C6-5182-4DF5-A67F-2233E7023888} = {E4F414C3-8FD4-4A53-88CC-DF94E4EA3ECC}
		{7F881ACD-3390-4608-AA13-8DE10C9F572D} = {E4F414C3-8FD4-4A53-88CC-DF94E4EA3ECC}
		{95A0D324-AFA2-447E-A49D-E73E5099A44F} = {E4F414C3-8FD4-4A53-88CC-DF94E4EA3ECC}
		{E30B9A54-E4B2-4340-A168-031B492006F3} = {37BBE100-C824-4821-AEA8-698CADD6636A}
		{8E9ED71E-77CC-436D-9012-F360AAA1A68A} = {37BBE100-C824-4821-AEA8-698CADD6636A}
		{00A83A63-74A3-4A45-B0E3-684E50577FC3} = {37BBE100-C824-4821-AEA8-698CADD6636A}
		{3E96683B-E09E-4541-896C-AA607D06A796} = {772029B7-5A61-4A63-B21B-18995E12CF05}
		{F8405C37-F282-4445-B16E-BE48DC98ED44} = {772029B7-5A61-4A63-B21B-18995E12CF05}
		{2171DFA0-A714-430E-A006-FCC7F6D112FC} = {772029B7-5A61-4A63-B21B-18995E12CF05}
		{879D4DC3-F234-4C1E-B965-ACD313AA6AAC} = {865FBE94-8035-46CD-B3A6-296067F2D1A3}
		{44653BF8-CB4C-4628-B4F0-BA026FE564B9} = {865FBE94-8035-46CD-B3A6-296067F2D1A3}
		{94A2A02D-DA56-4923-B339-C0BA2EF6F113} = {865FBE94-8035-46CD-B3A6-296067F2D1A3}
	EndGlobalSection
	GlobalSection(ExtensibilityGlobals) = postSolution
		SolutionGuid = {41C1566D-AF4C-4506-815F-5DE32B75B6DF}
	EndGlobalSection
EndGlobal
